// !$*UTF8*$!
{
	archiveVersion = 1;
	classes = {
	};
	objectVersion = 55;
	objects = {

/* Begin PBXBuildFile section */
		3B6C6D61F6869E8722781CB9 /* Pods_DrugReminderTests.framework in Frameworks */ = {isa = PBXBuildFile; fileRef = 06E9EDDD20AF06B22E354815 /* Pods_DrugReminderTests.framework */; };
		3F28F53A27FC506900844EAC /* AppDelegate.swift in Sources */ = {isa = PBXBuildFile; fileRef = 3F28F53927FC506900844EAC /* AppDelegate.swift */; };
		3F28F53C27FC506900844EAC /* SceneDelegate.swift in Sources */ = {isa = PBXBuildFile; fileRef = 3F28F53B27FC506900844EAC /* SceneDelegate.swift */; };
		3F28F53E27FC506900844EAC /* HomeViewController.swift in Sources */ = {isa = PBXBuildFile; fileRef = 3F28F53D27FC506900844EAC /* HomeViewController.swift */; };
		3F28F54127FC506900844EAC /* Main.storyboard in Resources */ = {isa = PBXBuildFile; fileRef = 3F28F53F27FC506900844EAC /* Main.storyboard */; };
		3F28F54327FC506A00844EAC /* Assets.xcassets in Resources */ = {isa = PBXBuildFile; fileRef = 3F28F54227FC506A00844EAC /* Assets.xcassets */; };
		3F28F54627FC506A00844EAC /* LaunchScreen.storyboard in Resources */ = {isa = PBXBuildFile; fileRef = 3F28F54427FC506A00844EAC /* LaunchScreen.storyboard */; };
		3F28F55127FC506A00844EAC /* DrugReminderTests.swift in Sources */ = {isa = PBXBuildFile; fileRef = 3F28F55027FC506A00844EAC /* DrugReminderTests.swift */; };
		3F28F55B27FC506A00844EAC /* DrugReminderUITests.swift in Sources */ = {isa = PBXBuildFile; fileRef = 3F28F55A27FC506A00844EAC /* DrugReminderUITests.swift */; };
		3F28F55D27FC506A00844EAC /* DrugReminderUITestsLaunchTests.swift in Sources */ = {isa = PBXBuildFile; fileRef = 3F28F55C27FC506A00844EAC /* DrugReminderUITestsLaunchTests.swift */; };
		3F28F56C27FC517100844EAC /* CalendarViewController.swift in Sources */ = {isa = PBXBuildFile; fileRef = 3F28F56B27FC517100844EAC /* CalendarViewController.swift */; };
		3F28F56E27FC519C00844EAC /* SettingsViewController.swift in Sources */ = {isa = PBXBuildFile; fileRef = 3F28F56D27FC519C00844EAC /* SettingsViewController.swift */; };
		3F28F57027FC51C200844EAC /* RegisterViewController.swift in Sources */ = {isa = PBXBuildFile; fileRef = 3F28F56F27FC51C200844EAC /* RegisterViewController.swift */; };
		3F28F57327FC51F700844EAC /* DrugModel.swift in Sources */ = {isa = PBXBuildFile; fileRef = 3F28F57227FC51F700844EAC /* DrugModel.swift */; };
		3F31CF40281206C100FAD4F5 /* DosingTime.swift in Sources */ = {isa = PBXBuildFile; fileRef = 3F31CF3F281206C100FAD4F5 /* DosingTime.swift */; };
		3F939F34283F89DF0094CD05 /* DateExtencion.swift in Sources */ = {isa = PBXBuildFile; fileRef = 3F939F33283F89DF0094CD05 /* DateExtencion.swift */; };
		3FB1199D288C1360001F5E29 /* Localizable.strings in Resources */ = {isa = PBXBuildFile; fileRef = 3FB1199F288C1360001F5E29 /* Localizable.strings */; };
		3FB119B3288C2DDB001F5E29 /* InfoPlist.strings in Resources */ = {isa = PBXBuildFile; fileRef = 3FB119B5288C2DDB001F5E29 /* InfoPlist.strings */; };
		3FB3BD7C288C0DE400A56E43 /* StringExtencion.swift in Sources */ = {isa = PBXBuildFile; fileRef = 3FB3BD7B288C0DE400A56E43 /* StringExtencion.swift */; };
		7F881F479A76FB7F909C7AFA /* Pods_DrugReminder.framework in Frameworks */ = {isa = PBXBuildFile; fileRef = 4218CBDA9893ABB4C3E57767 /* Pods_DrugReminder.framework */; };
		BC2BF500AC45DBB3FE615CCE /* Pods_DrugReminder_DrugReminderUITests.framework in Frameworks */ = {isa = PBXBuildFile; fileRef = BFDD2FD12541CE9FFBA4AD76 /* Pods_DrugReminder_DrugReminderUITests.framework */; };
/* End PBXBuildFile section */

/* Begin PBXContainerItemProxy section */
		3F28F54D27FC506A00844EAC /* PBXContainerItemProxy */ = {
			isa = PBXContainerItemProxy;
			containerPortal = 3F28F52E27FC506900844EAC /* Project object */;
			proxyType = 1;
			remoteGlobalIDString = 3F28F53527FC506900844EAC;
			remoteInfo = DrugReminder;
		};
		3F28F55727FC506A00844EAC /* PBXContainerItemProxy */ = {
			isa = PBXContainerItemProxy;
			containerPortal = 3F28F52E27FC506900844EAC /* Project object */;
			proxyType = 1;
			remoteGlobalIDString = 3F28F53527FC506900844EAC;
			remoteInfo = DrugReminder;
		};
/* End PBXContainerItemProxy section */

/* Begin PBXFileReference section */
		06E9EDDD20AF06B22E354815 /* Pods_DrugReminderTests.framework */ = {isa = PBXFileReference; explicitFileType = wrapper.framework; includeInIndex = 0; path = Pods_DrugReminderTests.framework; sourceTree = BUILT_PRODUCTS_DIR; };
		2A633FA6D36B0DFD78BA257E /* Pods-DrugReminder.release.xcconfig */ = {isa = PBXFileReference; includeInIndex = 1; lastKnownFileType = text.xcconfig; name = "Pods-DrugReminder.release.xcconfig"; path = "Target Support Files/Pods-DrugReminder/Pods-DrugReminder.release.xcconfig"; sourceTree = "<group>"; };
		2EF8B67E9E6A237A523F7EB6 /* Pods-DrugReminder.debug.xcconfig */ = {isa = PBXFileReference; includeInIndex = 1; lastKnownFileType = text.xcconfig; name = "Pods-DrugReminder.debug.xcconfig"; path = "Target Support Files/Pods-DrugReminder/Pods-DrugReminder.debug.xcconfig"; sourceTree = "<group>"; };
		3F28F53627FC506900844EAC /* DrugReminder.app */ = {isa = PBXFileReference; explicitFileType = wrapper.application; includeInIndex = 0; path = DrugReminder.app; sourceTree = BUILT_PRODUCTS_DIR; };
		3F28F53927FC506900844EAC /* AppDelegate.swift */ = {isa = PBXFileReference; lastKnownFileType = sourcecode.swift; path = AppDelegate.swift; sourceTree = "<group>"; };
		3F28F53B27FC506900844EAC /* SceneDelegate.swift */ = {isa = PBXFileReference; lastKnownFileType = sourcecode.swift; path = SceneDelegate.swift; sourceTree = "<group>"; };
		3F28F53D27FC506900844EAC /* HomeViewController.swift */ = {isa = PBXFileReference; lastKnownFileType = sourcecode.swift; path = HomeViewController.swift; sourceTree = "<group>"; };
		3F28F54027FC506900844EAC /* Base */ = {isa = PBXFileReference; lastKnownFileType = file.storyboard; name = Base; path = Base.lproj/Main.storyboard; sourceTree = "<group>"; };
		3F28F54227FC506A00844EAC /* Assets.xcassets */ = {isa = PBXFileReference; lastKnownFileType = folder.assetcatalog; path = Assets.xcassets; sourceTree = "<group>"; };
		3F28F54527FC506A00844EAC /* Base */ = {isa = PBXFileReference; lastKnownFileType = file.storyboard; name = Base; path = Base.lproj/LaunchScreen.storyboard; sourceTree = "<group>"; };
		3F28F54727FC506A00844EAC /* Info.plist */ = {isa = PBXFileReference; lastKnownFileType = text.plist.xml; path = Info.plist; sourceTree = "<group>"; };
		3F28F54C27FC506A00844EAC /* DrugReminderTests.xctest */ = {isa = PBXFileReference; explicitFileType = wrapper.cfbundle; includeInIndex = 0; path = DrugReminderTests.xctest; sourceTree = BUILT_PRODUCTS_DIR; };
		3F28F55027FC506A00844EAC /* DrugReminderTests.swift */ = {isa = PBXFileReference; lastKnownFileType = sourcecode.swift; path = DrugReminderTests.swift; sourceTree = "<group>"; };
		3F28F55627FC506A00844EAC /* DrugReminderUITests.xctest */ = {isa = PBXFileReference; explicitFileType = wrapper.cfbundle; includeInIndex = 0; path = DrugReminderUITests.xctest; sourceTree = BUILT_PRODUCTS_DIR; };
		3F28F55A27FC506A00844EAC /* DrugReminderUITests.swift */ = {isa = PBXFileReference; lastKnownFileType = sourcecode.swift; path = DrugReminderUITests.swift; sourceTree = "<group>"; };
		3F28F55C27FC506A00844EAC /* DrugReminderUITestsLaunchTests.swift */ = {isa = PBXFileReference; lastKnownFileType = sourcecode.swift; path = DrugReminderUITestsLaunchTests.swift; sourceTree = "<group>"; };
		3F28F56B27FC517100844EAC /* CalendarViewController.swift */ = {isa = PBXFileReference; lastKnownFileType = sourcecode.swift; path = CalendarViewController.swift; sourceTree = "<group>"; };
		3F28F56D27FC519C00844EAC /* SettingsViewController.swift */ = {isa = PBXFileReference; lastKnownFileType = sourcecode.swift; path = SettingsViewController.swift; sourceTree = "<group>"; };
		3F28F56F27FC51C200844EAC /* RegisterViewController.swift */ = {isa = PBXFileReference; lastKnownFileType = sourcecode.swift; path = RegisterViewController.swift; sourceTree = "<group>"; };
		3F28F57227FC51F700844EAC /* DrugModel.swift */ = {isa = PBXFileReference; lastKnownFileType = sourcecode.swift; path = DrugModel.swift; sourceTree = "<group>"; };
		3F31CF3F281206C100FAD4F5 /* DosingTime.swift */ = {isa = PBXFileReference; lastKnownFileType = sourcecode.swift; path = DosingTime.swift; sourceTree = "<group>"; };
		3F939F33283F89DF0094CD05 /* DateExtencion.swift */ = {isa = PBXFileReference; lastKnownFileType = sourcecode.swift; path = DateExtencion.swift; sourceTree = "<group>"; };
		3FB119A0288C1362001F5E29 /* en */ = {isa = PBXFileReference; lastKnownFileType = text.plist.strings; name = en; path = en.lproj/Localizable.strings; sourceTree = "<group>"; };
		3FB119A1288C1363001F5E29 /* pt-BR */ = {isa = PBXFileReference; lastKnownFileType = text.plist.strings; name = "pt-BR"; path = "pt-BR.lproj/Localizable.strings"; sourceTree = "<group>"; };
		3FB119A4288C2345001F5E29 /* pt-BR */ = {isa = PBXFileReference; lastKnownFileType = file.storyboard; name = "pt-BR"; path = "pt-BR.lproj/Main.storyboard"; sourceTree = "<group>"; };
		3FB119A5288C26D6001F5E29 /* en */ = {isa = PBXFileReference; lastKnownFileType = file.storyboard; name = en; path = en.lproj/Main.storyboard; sourceTree = "<group>"; };
		3FB119B4288C2DDB001F5E29 /* en */ = {isa = PBXFileReference; lastKnownFileType = text.plist.strings; name = en; path = en.lproj/InfoPlist.strings; sourceTree = "<group>"; };
		3FB119B6288C2DDF001F5E29 /* pt-BR */ = {isa = PBXFileReference; lastKnownFileType = text.plist.strings; name = "pt-BR"; path = "pt-BR.lproj/InfoPlist.strings"; sourceTree = "<group>"; };
		3FB119B7288C2DE3001F5E29 /* ja */ = {isa = PBXFileReference; lastKnownFileType = text.plist.strings; name = ja; path = ja.lproj/InfoPlist.strings; sourceTree = "<group>"; };
		3FB119B8288E8179001F5E29 /* ja */ = {isa = PBXFileReference; lastKnownFileType = file.storyboard; name = ja; path = ja.lproj/Main.storyboard; sourceTree = "<group>"; };
		3FB3BD7B288C0DE400A56E43 /* StringExtencion.swift */ = {isa = PBXFileReference; lastKnownFileType = sourcecode.swift; path = StringExtencion.swift; sourceTree = "<group>"; };
		4218CBDA9893ABB4C3E57767 /* Pods_DrugReminder.framework */ = {isa = PBXFileReference; explicitFileType = wrapper.framework; includeInIndex = 0; path = Pods_DrugReminder.framework; sourceTree = BUILT_PRODUCTS_DIR; };
		7AA5CD909BB563934EC2D9C8 /* Pods-DrugReminderTests.debug.xcconfig */ = {isa = PBXFileReference; includeInIndex = 1; lastKnownFileType = text.xcconfig; name = "Pods-DrugReminderTests.debug.xcconfig"; path = "Target Support Files/Pods-DrugReminderTests/Pods-DrugReminderTests.debug.xcconfig"; sourceTree = "<group>"; };
		8BAE08A9704C8B17015E3357 /* Pods-DrugReminderTests.release.xcconfig */ = {isa = PBXFileReference; includeInIndex = 1; lastKnownFileType = text.xcconfig; name = "Pods-DrugReminderTests.release.xcconfig"; path = "Target Support Files/Pods-DrugReminderTests/Pods-DrugReminderTests.release.xcconfig"; sourceTree = "<group>"; };
		A6B1AFF2F7ACA06A95610447 /* Pods-DrugReminder-DrugReminderUITests.debug.xcconfig */ = {isa = PBXFileReference; includeInIndex = 1; lastKnownFileType = text.xcconfig; name = "Pods-DrugReminder-DrugReminderUITests.debug.xcconfig"; path = "Target Support Files/Pods-DrugReminder-DrugReminderUITests/Pods-DrugReminder-DrugReminderUITests.debug.xcconfig"; sourceTree = "<group>"; };
		BFDD2FD12541CE9FFBA4AD76 /* Pods_DrugReminder_DrugReminderUITests.framework */ = {isa = PBXFileReference; explicitFileType = wrapper.framework; includeInIndex = 0; path = Pods_DrugReminder_DrugReminderUITests.framework; sourceTree = BUILT_PRODUCTS_DIR; };
		F0AE6F69C1FF52328CE4541C /* Pods-DrugReminder-DrugReminderUITests.release.xcconfig */ = {isa = PBXFileReference; includeInIndex = 1; lastKnownFileType = text.xcconfig; name = "Pods-DrugReminder-DrugReminderUITests.release.xcconfig"; path = "Target Support Files/Pods-DrugReminder-DrugReminderUITests/Pods-DrugReminder-DrugReminderUITests.release.xcconfig"; sourceTree = "<group>"; };
/* End PBXFileReference section */

/* Begin PBXFrameworksBuildPhase section */
		3F28F53327FC506900844EAC /* Frameworks */ = {
			isa = PBXFrameworksBuildPhase;
			buildActionMask = 2147483647;
			files = (
				7F881F479A76FB7F909C7AFA /* Pods_DrugReminder.framework in Frameworks */,
			);
			runOnlyForDeploymentPostprocessing = 0;
		};
		3F28F54927FC506A00844EAC /* Frameworks */ = {
			isa = PBXFrameworksBuildPhase;
			buildActionMask = 2147483647;
			files = (
				3B6C6D61F6869E8722781CB9 /* Pods_DrugReminderTests.framework in Frameworks */,
			);
			runOnlyForDeploymentPostprocessing = 0;
		};
		3F28F55327FC506A00844EAC /* Frameworks */ = {
			isa = PBXFrameworksBuildPhase;
			buildActionMask = 2147483647;
			files = (
				BC2BF500AC45DBB3FE615CCE /* Pods_DrugReminder_DrugReminderUITests.framework in Frameworks */,
			);
			runOnlyForDeploymentPostprocessing = 0;
		};
/* End PBXFrameworksBuildPhase section */

/* Begin PBXGroup section */
		29315A3B48D5792B535091E0 /* Pods */ = {
			isa = PBXGroup;
			children = (
				2EF8B67E9E6A237A523F7EB6 /* Pods-DrugReminder.debug.xcconfig */,
				2A633FA6D36B0DFD78BA257E /* Pods-DrugReminder.release.xcconfig */,
				A6B1AFF2F7ACA06A95610447 /* Pods-DrugReminder-DrugReminderUITests.debug.xcconfig */,
				F0AE6F69C1FF52328CE4541C /* Pods-DrugReminder-DrugReminderUITests.release.xcconfig */,
				7AA5CD909BB563934EC2D9C8 /* Pods-DrugReminderTests.debug.xcconfig */,
				8BAE08A9704C8B17015E3357 /* Pods-DrugReminderTests.release.xcconfig */,
			);
			path = Pods;
			sourceTree = "<group>";
		};
		3F28F52D27FC506900844EAC = {
			isa = PBXGroup;
			children = (
				3F28F53827FC506900844EAC /* DrugReminder */,
				3F28F54F27FC506A00844EAC /* DrugReminderTests */,
				3F28F55927FC506A00844EAC /* DrugReminderUITests */,
				3F28F53727FC506900844EAC /* Products */,
				29315A3B48D5792B535091E0 /* Pods */,
				867F8A949920E7CF7D866119 /* Frameworks */,
			);
			sourceTree = "<group>";
		};
		3F28F53727FC506900844EAC /* Products */ = {
			isa = PBXGroup;
			children = (
				3F28F53627FC506900844EAC /* DrugReminder.app */,
				3F28F54C27FC506A00844EAC /* DrugReminderTests.xctest */,
				3F28F55627FC506A00844EAC /* DrugReminderUITests.xctest */,
			);
			name = Products;
			sourceTree = "<group>";
		};
		3F28F53827FC506900844EAC /* DrugReminder */ = {
			isa = PBXGroup;
			children = (
				3F28F53927FC506900844EAC /* AppDelegate.swift */,
				3F28F53B27FC506900844EAC /* SceneDelegate.swift */,
				3F28F57127FC51EB00844EAC /* Model */,
				3F28F56927FC507800844EAC /* Controller */,
				3F28F56A27FC507E00844EAC /* View */,
				3F28F54227FC506A00844EAC /* Assets.xcassets */,
				3F28F54427FC506A00844EAC /* LaunchScreen.storyboard */,
				3F28F54727FC506A00844EAC /* Info.plist */,
				3FB119B5288C2DDB001F5E29 /* InfoPlist.strings */,
			);
			path = DrugReminder;
			sourceTree = "<group>";
		};
		3F28F54F27FC506A00844EAC /* DrugReminderTests */ = {
			isa = PBXGroup;
			children = (
				3F28F55027FC506A00844EAC /* DrugReminderTests.swift */,
			);
			path = DrugReminderTests;
			sourceTree = "<group>";
		};
		3F28F55927FC506A00844EAC /* DrugReminderUITests */ = {
			isa = PBXGroup;
			children = (
				3F28F55A27FC506A00844EAC /* DrugReminderUITests.swift */,
				3F28F55C27FC506A00844EAC /* DrugReminderUITestsLaunchTests.swift */,
			);
			path = DrugReminderUITests;
			sourceTree = "<group>";
		};
		3F28F56927FC507800844EAC /* Controller */ = {
			isa = PBXGroup;
			children = (
				3F28F53D27FC506900844EAC /* HomeViewController.swift */,
				3F28F56B27FC517100844EAC /* CalendarViewController.swift */,
				3F28F56D27FC519C00844EAC /* SettingsViewController.swift */,
				3F28F56F27FC51C200844EAC /* RegisterViewController.swift */,
			);
			path = Controller;
			sourceTree = "<group>";
		};
		3F28F56A27FC507E00844EAC /* View */ = {
			isa = PBXGroup;
			children = (
				3F28F53F27FC506900844EAC /* Main.storyboard */,
			);
			path = View;
			sourceTree = "<group>";
		};
		3F28F57127FC51EB00844EAC /* Model */ = {
			isa = PBXGroup;
			children = (
				3F28F57227FC51F700844EAC /* DrugModel.swift */,
				3F31CF3F281206C100FAD4F5 /* DosingTime.swift */,
				3F939F33283F89DF0094CD05 /* DateExtencion.swift */,
				3FB3BD7B288C0DE400A56E43 /* StringExtencion.swift */,
				3FB1199F288C1360001F5E29 /* Localizable.strings */,
			);
			path = Model;
			sourceTree = "<group>";
		};
		867F8A949920E7CF7D866119 /* Frameworks */ = {
			isa = PBXGroup;
			children = (
				4218CBDA9893ABB4C3E57767 /* Pods_DrugReminder.framework */,
				BFDD2FD12541CE9FFBA4AD76 /* Pods_DrugReminder_DrugReminderUITests.framework */,
				06E9EDDD20AF06B22E354815 /* Pods_DrugReminderTests.framework */,
			);
			name = Frameworks;
			sourceTree = "<group>";
		};
/* End PBXGroup section */

/* Begin PBXNativeTarget section */
		3F28F53527FC506900844EAC /* DrugReminder */ = {
			isa = PBXNativeTarget;
			buildConfigurationList = 3F28F56027FC506A00844EAC /* Build configuration list for PBXNativeTarget "DrugReminder" */;
			buildPhases = (
				418AEA7DDACD3420B9CA46CF /* [CP] Check Pods Manifest.lock */,
				3F28F53227FC506900844EAC /* Sources */,
				3F28F53327FC506900844EAC /* Frameworks */,
				3F28F53427FC506900844EAC /* Resources */,
				0F043E1345B1E41A85A08B94 /* [CP] Embed Pods Frameworks */,
			);
			buildRules = (
			);
			dependencies = (
			);
			name = DrugReminder;
			productName = DrugReminder;
			productReference = 3F28F53627FC506900844EAC /* DrugReminder.app */;
			productType = "com.apple.product-type.application";
		};
		3F28F54B27FC506A00844EAC /* DrugReminderTests */ = {
			isa = PBXNativeTarget;
			buildConfigurationList = 3F28F56327FC506A00844EAC /* Build configuration list for PBXNativeTarget "DrugReminderTests" */;
			buildPhases = (
				A77CA67BC32A3CA1F4001E41 /* [CP] Check Pods Manifest.lock */,
				3F28F54827FC506A00844EAC /* Sources */,
				3F28F54927FC506A00844EAC /* Frameworks */,
				3F28F54A27FC506A00844EAC /* Resources */,
			);
			buildRules = (
			);
			dependencies = (
				3F28F54E27FC506A00844EAC /* PBXTargetDependency */,
			);
			name = DrugReminderTests;
			productName = DrugReminderTests;
			productReference = 3F28F54C27FC506A00844EAC /* DrugReminderTests.xctest */;
			productType = "com.apple.product-type.bundle.unit-test";
		};
		3F28F55527FC506A00844EAC /* DrugReminderUITests */ = {
			isa = PBXNativeTarget;
			buildConfigurationList = 3F28F56627FC506A00844EAC /* Build configuration list for PBXNativeTarget "DrugReminderUITests" */;
			buildPhases = (
				8354A477EA660AC10435C4A1 /* [CP] Check Pods Manifest.lock */,
				3F28F55227FC506A00844EAC /* Sources */,
				3F28F55327FC506A00844EAC /* Frameworks */,
				3F28F55427FC506A00844EAC /* Resources */,
				9B090DE7E24D29A20CD9A570 /* [CP] Embed Pods Frameworks */,
			);
			buildRules = (
			);
			dependencies = (
				3F28F55827FC506A00844EAC /* PBXTargetDependency */,
			);
			name = DrugReminderUITests;
			productName = DrugReminderUITests;
			productReference = 3F28F55627FC506A00844EAC /* DrugReminderUITests.xctest */;
			productType = "com.apple.product-type.bundle.ui-testing";
		};
/* End PBXNativeTarget section */

/* Begin PBXProject section */
		3F28F52E27FC506900844EAC /* Project object */ = {
			isa = PBXProject;
			attributes = {
				BuildIndependentTargetsInParallel = 1;
				LastSwiftUpdateCheck = 1330;
				LastUpgradeCheck = 1330;
				TargetAttributes = {
					3F28F53527FC506900844EAC = {
						CreatedOnToolsVersion = 13.3;
					};
					3F28F54B27FC506A00844EAC = {
						CreatedOnToolsVersion = 13.3;
						TestTargetID = 3F28F53527FC506900844EAC;
					};
					3F28F55527FC506A00844EAC = {
						CreatedOnToolsVersion = 13.3;
						TestTargetID = 3F28F53527FC506900844EAC;
					};
				};
			};
			buildConfigurationList = 3F28F53127FC506900844EAC /* Build configuration list for PBXProject "DrugReminder" */;
			compatibilityVersion = "Xcode 13.0";
			developmentRegion = en;
			hasScannedForEncodings = 0;
			knownRegions = (
				en,
				Base,
				"pt-BR",
				ja,
			);
			mainGroup = 3F28F52D27FC506900844EAC;
			productRefGroup = 3F28F53727FC506900844EAC /* Products */;
			projectDirPath = "";
			projectRoot = "";
			targets = (
				3F28F53527FC506900844EAC /* DrugReminder */,
				3F28F54B27FC506A00844EAC /* DrugReminderTests */,
				3F28F55527FC506A00844EAC /* DrugReminderUITests */,
			);
		};
/* End PBXProject section */

/* Begin PBXResourcesBuildPhase section */
		3F28F53427FC506900844EAC /* Resources */ = {
			isa = PBXResourcesBuildPhase;
			buildActionMask = 2147483647;
			files = (
				3F28F54627FC506A00844EAC /* LaunchScreen.storyboard in Resources */,
				3FB1199D288C1360001F5E29 /* Localizable.strings in Resources */,
				3F28F54327FC506A00844EAC /* Assets.xcassets in Resources */,
				3F28F54127FC506900844EAC /* Main.storyboard in Resources */,
				3FB119B3288C2DDB001F5E29 /* InfoPlist.strings in Resources */,
			);
			runOnlyForDeploymentPostprocessing = 0;
		};
		3F28F54A27FC506A00844EAC /* Resources */ = {
			isa = PBXResourcesBuildPhase;
			buildActionMask = 2147483647;
			files = (
			);
			runOnlyForDeploymentPostprocessing = 0;
		};
		3F28F55427FC506A00844EAC /* Resources */ = {
			isa = PBXResourcesBuildPhase;
			buildActionMask = 2147483647;
			files = (
			);
			runOnlyForDeploymentPostprocessing = 0;
		};
/* End PBXResourcesBuildPhase section */

/* Begin PBXShellScriptBuildPhase section */
		0F043E1345B1E41A85A08B94 /* [CP] Embed Pods Frameworks */ = {
			isa = PBXShellScriptBuildPhase;
			buildActionMask = 2147483647;
			files = (
			);
			inputFileListPaths = (
				"${PODS_ROOT}/Target Support Files/Pods-DrugReminder/Pods-DrugReminder-frameworks-${CONFIGURATION}-input-files.xcfilelist",
			);
			name = "[CP] Embed Pods Frameworks";
			outputFileListPaths = (
				"${PODS_ROOT}/Target Support Files/Pods-DrugReminder/Pods-DrugReminder-frameworks-${CONFIGURATION}-output-files.xcfilelist",
			);
			runOnlyForDeploymentPostprocessing = 0;
			shellPath = /bin/sh;
			shellScript = "\"${PODS_ROOT}/Target Support Files/Pods-DrugReminder/Pods-DrugReminder-frameworks.sh\"\n";
			showEnvVarsInLog = 0;
		};
		418AEA7DDACD3420B9CA46CF /* [CP] Check Pods Manifest.lock */ = {
			isa = PBXShellScriptBuildPhase;
			buildActionMask = 2147483647;
			files = (
			);
			inputFileListPaths = (
			);
			inputPaths = (
				"${PODS_PODFILE_DIR_PATH}/Podfile.lock",
				"${PODS_ROOT}/Manifest.lock",
			);
			name = "[CP] Check Pods Manifest.lock";
			outputFileListPaths = (
			);
			outputPaths = (
				"$(DERIVED_FILE_DIR)/Pods-DrugReminder-checkManifestLockResult.txt",
			);
			runOnlyForDeploymentPostprocessing = 0;
			shellPath = /bin/sh;
			shellScript = "diff \"${PODS_PODFILE_DIR_PATH}/Podfile.lock\" \"${PODS_ROOT}/Manifest.lock\" > /dev/null\nif [ $? != 0 ] ; then\n    # print error to STDERR\n    echo \"error: The sandbox is not in sync with the Podfile.lock. Run 'pod install' or update your CocoaPods installation.\" >&2\n    exit 1\nfi\n# This output is used by Xcode 'outputs' to avoid re-running this script phase.\necho \"SUCCESS\" > \"${SCRIPT_OUTPUT_FILE_0}\"\n";
			showEnvVarsInLog = 0;
		};
		8354A477EA660AC10435C4A1 /* [CP] Check Pods Manifest.lock */ = {
			isa = PBXShellScriptBuildPhase;
			buildActionMask = 2147483647;
			files = (
			);
			inputFileListPaths = (
			);
			inputPaths = (
				"${PODS_PODFILE_DIR_PATH}/Podfile.lock",
				"${PODS_ROOT}/Manifest.lock",
			);
			name = "[CP] Check Pods Manifest.lock";
			outputFileListPaths = (
			);
			outputPaths = (
				"$(DERIVED_FILE_DIR)/Pods-DrugReminder-DrugReminderUITests-checkManifestLockResult.txt",
			);
			runOnlyForDeploymentPostprocessing = 0;
			shellPath = /bin/sh;
			shellScript = "diff \"${PODS_PODFILE_DIR_PATH}/Podfile.lock\" \"${PODS_ROOT}/Manifest.lock\" > /dev/null\nif [ $? != 0 ] ; then\n    # print error to STDERR\n    echo \"error: The sandbox is not in sync with the Podfile.lock. Run 'pod install' or update your CocoaPods installation.\" >&2\n    exit 1\nfi\n# This output is used by Xcode 'outputs' to avoid re-running this script phase.\necho \"SUCCESS\" > \"${SCRIPT_OUTPUT_FILE_0}\"\n";
			showEnvVarsInLog = 0;
		};
		9B090DE7E24D29A20CD9A570 /* [CP] Embed Pods Frameworks */ = {
			isa = PBXShellScriptBuildPhase;
			buildActionMask = 2147483647;
			files = (
			);
			inputFileListPaths = (
				"${PODS_ROOT}/Target Support Files/Pods-DrugReminder-DrugReminderUITests/Pods-DrugReminder-DrugReminderUITests-frameworks-${CONFIGURATION}-input-files.xcfilelist",
			);
			name = "[CP] Embed Pods Frameworks";
			outputFileListPaths = (
				"${PODS_ROOT}/Target Support Files/Pods-DrugReminder-DrugReminderUITests/Pods-DrugReminder-DrugReminderUITests-frameworks-${CONFIGURATION}-output-files.xcfilelist",
			);
			runOnlyForDeploymentPostprocessing = 0;
			shellPath = /bin/sh;
			shellScript = "\"${PODS_ROOT}/Target Support Files/Pods-DrugReminder-DrugReminderUITests/Pods-DrugReminder-DrugReminderUITests-frameworks.sh\"\n";
			showEnvVarsInLog = 0;
		};
		A77CA67BC32A3CA1F4001E41 /* [CP] Check Pods Manifest.lock */ = {
			isa = PBXShellScriptBuildPhase;
			buildActionMask = 2147483647;
			files = (
			);
			inputFileListPaths = (
			);
			inputPaths = (
				"${PODS_PODFILE_DIR_PATH}/Podfile.lock",
				"${PODS_ROOT}/Manifest.lock",
			);
			name = "[CP] Check Pods Manifest.lock";
			outputFileListPaths = (
			);
			outputPaths = (
				"$(DERIVED_FILE_DIR)/Pods-DrugReminderTests-checkManifestLockResult.txt",
			);
			runOnlyForDeploymentPostprocessing = 0;
			shellPath = /bin/sh;
			shellScript = "diff \"${PODS_PODFILE_DIR_PATH}/Podfile.lock\" \"${PODS_ROOT}/Manifest.lock\" > /dev/null\nif [ $? != 0 ] ; then\n    # print error to STDERR\n    echo \"error: The sandbox is not in sync with the Podfile.lock. Run 'pod install' or update your CocoaPods installation.\" >&2\n    exit 1\nfi\n# This output is used by Xcode 'outputs' to avoid re-running this script phase.\necho \"SUCCESS\" > \"${SCRIPT_OUTPUT_FILE_0}\"\n";
			showEnvVarsInLog = 0;
		};
/* End PBXShellScriptBuildPhase section */

/* Begin PBXSourcesBuildPhase section */
		3F28F53227FC506900844EAC /* Sources */ = {
			isa = PBXSourcesBuildPhase;
			buildActionMask = 2147483647;
			files = (
				3F28F56C27FC517100844EAC /* CalendarViewController.swift in Sources */,
				3F28F53E27FC506900844EAC /* HomeViewController.swift in Sources */,
				3F28F53A27FC506900844EAC /* AppDelegate.swift in Sources */,
				3F28F57027FC51C200844EAC /* RegisterViewController.swift in Sources */,
				3F939F34283F89DF0094CD05 /* DateExtencion.swift in Sources */,
				3F31CF40281206C100FAD4F5 /* DosingTime.swift in Sources */,
				3FB3BD7C288C0DE400A56E43 /* StringExtencion.swift in Sources */,
				3F28F56E27FC519C00844EAC /* SettingsViewController.swift in Sources */,
				3F28F57327FC51F700844EAC /* DrugModel.swift in Sources */,
				3F28F53C27FC506900844EAC /* SceneDelegate.swift in Sources */,
			);
			runOnlyForDeploymentPostprocessing = 0;
		};
		3F28F54827FC506A00844EAC /* Sources */ = {
			isa = PBXSourcesBuildPhase;
			buildActionMask = 2147483647;
			files = (
				3F28F55127FC506A00844EAC /* DrugReminderTests.swift in Sources */,
			);
			runOnlyForDeploymentPostprocessing = 0;
		};
		3F28F55227FC506A00844EAC /* Sources */ = {
			isa = PBXSourcesBuildPhase;
			buildActionMask = 2147483647;
			files = (
				3F28F55D27FC506A00844EAC /* DrugReminderUITestsLaunchTests.swift in Sources */,
				3F28F55B27FC506A00844EAC /* DrugReminderUITests.swift in Sources */,
			);
			runOnlyForDeploymentPostprocessing = 0;
		};
/* End PBXSourcesBuildPhase section */

/* Begin PBXTargetDependency section */
		3F28F54E27FC506A00844EAC /* PBXTargetDependency */ = {
			isa = PBXTargetDependency;
			target = 3F28F53527FC506900844EAC /* DrugReminder */;
			targetProxy = 3F28F54D27FC506A00844EAC /* PBXContainerItemProxy */;
		};
		3F28F55827FC506A00844EAC /* PBXTargetDependency */ = {
			isa = PBXTargetDependency;
			target = 3F28F53527FC506900844EAC /* DrugReminder */;
			targetProxy = 3F28F55727FC506A00844EAC /* PBXContainerItemProxy */;
		};
/* End PBXTargetDependency section */

/* Begin PBXVariantGroup section */
		3F28F53F27FC506900844EAC /* Main.storyboard */ = {
			isa = PBXVariantGroup;
			children = (
				3F28F54027FC506900844EAC /* Base */,
				3FB119A4288C2345001F5E29 /* pt-BR */,
				3FB119A5288C26D6001F5E29 /* en */,
				3FB119B8288E8179001F5E29 /* ja */,
			);
			name = Main.storyboard;
			sourceTree = "<group>";
		};
		3F28F54427FC506A00844EAC /* LaunchScreen.storyboard */ = {
			isa = PBXVariantGroup;
			children = (
				3F28F54527FC506A00844EAC /* Base */,
			);
			name = LaunchScreen.storyboard;
			sourceTree = "<group>";
		};
		3FB1199F288C1360001F5E29 /* Localizable.strings */ = {
			isa = PBXVariantGroup;
			children = (
				3FB119A0288C1362001F5E29 /* en */,
				3FB119A1288C1363001F5E29 /* pt-BR */,
			);
			name = Localizable.strings;
			sourceTree = "<group>";
		};
		3FB119B5288C2DDB001F5E29 /* InfoPlist.strings */ = {
			isa = PBXVariantGroup;
			children = (
				3FB119B4288C2DDB001F5E29 /* en */,
				3FB119B6288C2DDF001F5E29 /* pt-BR */,
				3FB119B7288C2DE3001F5E29 /* ja */,
			);
			name = InfoPlist.strings;
			sourceTree = "<group>";
		};
/* End PBXVariantGroup section */

/* Begin XCBuildConfiguration section */
		3F28F55E27FC506A00844EAC /* Debug */ = {
			isa = XCBuildConfiguration;
			buildSettings = {
				ALWAYS_SEARCH_USER_PATHS = NO;
				CLANG_ANALYZER_LOCALIZABILITY_NONLOCALIZED = YES;
				CLANG_ANALYZER_NONNULL = YES;
				CLANG_ANALYZER_NUMBER_OBJECT_CONVERSION = YES_AGGRESSIVE;
				CLANG_CXX_LANGUAGE_STANDARD = "gnu++17";
				CLANG_ENABLE_MODULES = YES;
				CLANG_ENABLE_OBJC_ARC = YES;
				CLANG_ENABLE_OBJC_WEAK = YES;
				CLANG_WARN_BLOCK_CAPTURE_AUTORELEASING = YES;
				CLANG_WARN_BOOL_CONVERSION = YES;
				CLANG_WARN_COMMA = YES;
				CLANG_WARN_CONSTANT_CONVERSION = YES;
				CLANG_WARN_DEPRECATED_OBJC_IMPLEMENTATIONS = YES;
				CLANG_WARN_DIRECT_OBJC_ISA_USAGE = YES_ERROR;
				CLANG_WARN_DOCUMENTATION_COMMENTS = YES;
				CLANG_WARN_EMPTY_BODY = YES;
				CLANG_WARN_ENUM_CONVERSION = YES;
				CLANG_WARN_INFINITE_RECURSION = YES;
				CLANG_WARN_INT_CONVERSION = YES;
				CLANG_WARN_NON_LITERAL_NULL_CONVERSION = YES;
				CLANG_WARN_OBJC_IMPLICIT_RETAIN_SELF = YES;
				CLANG_WARN_OBJC_LITERAL_CONVERSION = YES;
				CLANG_WARN_OBJC_ROOT_CLASS = YES_ERROR;
				CLANG_WARN_QUOTED_INCLUDE_IN_FRAMEWORK_HEADER = YES;
				CLANG_WARN_RANGE_LOOP_ANALYSIS = YES;
				CLANG_WARN_STRICT_PROTOTYPES = YES;
				CLANG_WARN_SUSPICIOUS_MOVE = YES;
				CLANG_WARN_UNGUARDED_AVAILABILITY = YES_AGGRESSIVE;
				CLANG_WARN_UNREACHABLE_CODE = YES;
				CLANG_WARN__DUPLICATE_METHOD_MATCH = YES;
				COPY_PHASE_STRIP = NO;
				DEBUG_INFORMATION_FORMAT = dwarf;
				ENABLE_STRICT_OBJC_MSGSEND = YES;
				ENABLE_TESTABILITY = YES;
				GCC_C_LANGUAGE_STANDARD = gnu11;
				GCC_DYNAMIC_NO_PIC = NO;
				GCC_NO_COMMON_BLOCKS = YES;
				GCC_OPTIMIZATION_LEVEL = 0;
				GCC_PREPROCESSOR_DEFINITIONS = (
					"DEBUG=1",
					"$(inherited)",
				);
				GCC_WARN_64_TO_32_BIT_CONVERSION = YES;
				GCC_WARN_ABOUT_RETURN_TYPE = YES_ERROR;
				GCC_WARN_UNDECLARED_SELECTOR = YES;
				GCC_WARN_UNINITIALIZED_AUTOS = YES_AGGRESSIVE;
				GCC_WARN_UNUSED_FUNCTION = YES;
				GCC_WARN_UNUSED_VARIABLE = YES;
				IPHONEOS_DEPLOYMENT_TARGET = 15.4;
				MTL_ENABLE_DEBUG_INFO = INCLUDE_SOURCE;
				MTL_FAST_MATH = YES;
				ONLY_ACTIVE_ARCH = YES;
				SDKROOT = iphoneos;
				SWIFT_ACTIVE_COMPILATION_CONDITIONS = DEBUG;
				SWIFT_OPTIMIZATION_LEVEL = "-Onone";
			};
			name = Debug;
		};
		3F28F55F27FC506A00844EAC /* Release */ = {
			isa = XCBuildConfiguration;
			buildSettings = {
				ALWAYS_SEARCH_USER_PATHS = NO;
				CLANG_ANALYZER_LOCALIZABILITY_NONLOCALIZED = YES;
				CLANG_ANALYZER_NONNULL = YES;
				CLANG_ANALYZER_NUMBER_OBJECT_CONVERSION = YES_AGGRESSIVE;
				CLANG_CXX_LANGUAGE_STANDARD = "gnu++17";
				CLANG_ENABLE_MODULES = YES;
				CLANG_ENABLE_OBJC_ARC = YES;
				CLANG_ENABLE_OBJC_WEAK = YES;
				CLANG_WARN_BLOCK_CAPTURE_AUTORELEASING = YES;
				CLANG_WARN_BOOL_CONVERSION = YES;
				CLANG_WARN_COMMA = YES;
				CLANG_WARN_CONSTANT_CONVERSION = YES;
				CLANG_WARN_DEPRECATED_OBJC_IMPLEMENTATIONS = YES;
				CLANG_WARN_DIRECT_OBJC_ISA_USAGE = YES_ERROR;
				CLANG_WARN_DOCUMENTATION_COMMENTS = YES;
				CLANG_WARN_EMPTY_BODY = YES;
				CLANG_WARN_ENUM_CONVERSION = YES;
				CLANG_WARN_INFINITE_RECURSION = YES;
				CLANG_WARN_INT_CONVERSION = YES;
				CLANG_WARN_NON_LITERAL_NULL_CONVERSION = YES;
				CLANG_WARN_OBJC_IMPLICIT_RETAIN_SELF = YES;
				CLANG_WARN_OBJC_LITERAL_CONVERSION = YES;
				CLANG_WARN_OBJC_ROOT_CLASS = YES_ERROR;
				CLANG_WARN_QUOTED_INCLUDE_IN_FRAMEWORK_HEADER = YES;
				CLANG_WARN_RANGE_LOOP_ANALYSIS = YES;
				CLANG_WARN_STRICT_PROTOTYPES = YES;
				CLANG_WARN_SUSPICIOUS_MOVE = YES;
				CLANG_WARN_UNGUARDED_AVAILABILITY = YES_AGGRESSIVE;
				CLANG_WARN_UNREACHABLE_CODE = YES;
				CLANG_WARN__DUPLICATE_METHOD_MATCH = YES;
				COPY_PHASE_STRIP = NO;
				DEBUG_INFORMATION_FORMAT = "dwarf-with-dsym";
				ENABLE_NS_ASSERTIONS = NO;
				ENABLE_STRICT_OBJC_MSGSEND = YES;
				GCC_C_LANGUAGE_STANDARD = gnu11;
				GCC_NO_COMMON_BLOCKS = YES;
				GCC_WARN_64_TO_32_BIT_CONVERSION = YES;
				GCC_WARN_ABOUT_RETURN_TYPE = YES_ERROR;
				GCC_WARN_UNDECLARED_SELECTOR = YES;
				GCC_WARN_UNINITIALIZED_AUTOS = YES_AGGRESSIVE;
				GCC_WARN_UNUSED_FUNCTION = YES;
				GCC_WARN_UNUSED_VARIABLE = YES;
				IPHONEOS_DEPLOYMENT_TARGET = 15.4;
				MTL_ENABLE_DEBUG_INFO = NO;
				MTL_FAST_MATH = YES;
				SDKROOT = iphoneos;
				SWIFT_COMPILATION_MODE = wholemodule;
				SWIFT_OPTIMIZATION_LEVEL = "-O";
				VALIDATE_PRODUCT = YES;
			};
			name = Release;
		};
		3F28F56127FC506A00844EAC /* Debug */ = {
			isa = XCBuildConfiguration;
			baseConfigurationReference = 2EF8B67E9E6A237A523F7EB6 /* Pods-DrugReminder.debug.xcconfig */;
			buildSettings = {
				ASSETCATALOG_COMPILER_APPICON_NAME = AppIcon;
				ASSETCATALOG_COMPILER_GLOBAL_ACCENT_COLOR_NAME = AccentColor;
				ASSETCATALOG_COMPILER_INCLUDE_ALL_APPICON_ASSETS = NO;
				CODE_SIGN_STYLE = Automatic;
				CURRENT_PROJECT_VERSION = 1;
				DEVELOPMENT_TEAM = 48Z2DS9MBQ;
				GENERATE_INFOPLIST_FILE = YES;
				INFOPLIST_FILE = DrugReminder/Info.plist;
				INFOPLIST_KEY_CFBundleDisplayName = DrugReminder;
				INFOPLIST_KEY_UIApplicationSupportsIndirectInputEvents = YES;
				INFOPLIST_KEY_UILaunchStoryboardName = LaunchScreen;
				INFOPLIST_KEY_UIMainStoryboardFile = Main;
				INFOPLIST_KEY_UISupportedInterfaceOrientations = UIInterfaceOrientationPortrait;
				INFOPLIST_KEY_UISupportedInterfaceOrientations_iPad = "UIInterfaceOrientationPortrait UIInterfaceOrientationPortraitUpsideDown UIInterfaceOrientationLandscapeLeft UIInterfaceOrientationLandscapeRight";
				INFOPLIST_KEY_UISupportedInterfaceOrientations_iPhone = "UIInterfaceOrientationPortrait UIInterfaceOrientationLandscapeLeft UIInterfaceOrientationLandscapeRight";
				LD_RUNPATH_SEARCH_PATHS = (
					"$(inherited)",
					"@executable_path/Frameworks",
				);
				MARKETING_VERSION = 1.1;
				PRODUCT_BUNDLE_IDENTIFIER = com.willy.DrugReminder;
				PRODUCT_NAME = "$(TARGET_NAME)";
				SWIFT_EMIT_LOC_STRINGS = YES;
				SWIFT_VERSION = 5.0;
				TARGETED_DEVICE_FAMILY = 1;
			};
			name = Debug;
		};
		3F28F56227FC506A00844EAC /* Release */ = {
			isa = XCBuildConfiguration;
			baseConfigurationReference = 2A633FA6D36B0DFD78BA257E /* Pods-DrugReminder.release.xcconfig */;
			buildSettings = {
				ASSETCATALOG_COMPILER_APPICON_NAME = AppIcon;
				ASSETCATALOG_COMPILER_GLOBAL_ACCENT_COLOR_NAME = AccentColor;
				ASSETCATALOG_COMPILER_INCLUDE_ALL_APPICON_ASSETS = NO;
				CODE_SIGN_STYLE = Automatic;
				CURRENT_PROJECT_VERSION = 1;
				DEVELOPMENT_TEAM = 48Z2DS9MBQ;
				GENERATE_INFOPLIST_FILE = YES;
				INFOPLIST_FILE = DrugReminder/Info.plist;
				INFOPLIST_KEY_CFBundleDisplayName = DrugReminder;
				INFOPLIST_KEY_UIApplicationSupportsIndirectInputEvents = YES;
				INFOPLIST_KEY_UILaunchStoryboardName = LaunchScreen;
				INFOPLIST_KEY_UIMainStoryboardFile = Main;
				INFOPLIST_KEY_UISupportedInterfaceOrientations = UIInterfaceOrientationPortrait;
				INFOPLIST_KEY_UISupportedInterfaceOrientations_iPad = "UIInterfaceOrientationPortrait UIInterfaceOrientationPortraitUpsideDown UIInterfaceOrientationLandscapeLeft UIInterfaceOrientationLandscapeRight";
				INFOPLIST_KEY_UISupportedInterfaceOrientations_iPhone = "UIInterfaceOrientationPortrait UIInterfaceOrientationLandscapeLeft UIInterfaceOrientationLandscapeRight";
				LD_RUNPATH_SEARCH_PATHS = (
					"$(inherited)",
					"@executable_path/Frameworks",
				);
				MARKETING_VERSION = 1.1;
				PRODUCT_BUNDLE_IDENTIFIER = com.willy.DrugReminder;
				PRODUCT_NAME = "$(TARGET_NAME)";
				SWIFT_EMIT_LOC_STRINGS = YES;
				SWIFT_VERSION = 5.0;
				TARGETED_DEVICE_FAMILY = 1;
			};
			name = Release;
		};
		3F28F56427FC506A00844EAC /* Debug */ = {
			isa = XCBuildConfiguration;
			baseConfigurationReference = 7AA5CD909BB563934EC2D9C8 /* Pods-DrugReminderTests.debug.xcconfig */;
			buildSettings = {
				ALWAYS_EMBED_SWIFT_STANDARD_LIBRARIES = YES;
				BUNDLE_LOADER = "$(TEST_HOST)";
				CODE_SIGN_STYLE = Automatic;
				CURRENT_PROJECT_VERSION = 1;
				DEVELOPMENT_TEAM = 48Z2DS9MBQ;
				GENERATE_INFOPLIST_FILE = YES;
				IPHONEOS_DEPLOYMENT_TARGET = 15.4;
				MARKETING_VERSION = 1.0;
				PRODUCT_BUNDLE_IDENTIFIER = com.willy.DrugReminderTests;
				PRODUCT_NAME = "$(TARGET_NAME)";
				SWIFT_EMIT_LOC_STRINGS = NO;
				SWIFT_VERSION = 5.0;
				TARGETED_DEVICE_FAMILY = "1,2";
				TEST_HOST = "$(BUILT_PRODUCTS_DIR)/DrugReminder.app/DrugReminder";
			};
			name = Debug;
		};
		3F28F56527FC506A00844EAC /* Release */ = {
			isa = XCBuildConfiguration;
			baseConfigurationReference = 8BAE08A9704C8B17015E3357 /* Pods-DrugReminderTests.release.xcconfig */;
			buildSettings = {
				ALWAYS_EMBED_SWIFT_STANDARD_LIBRARIES = YES;
				BUNDLE_LOADER = "$(TEST_HOST)";
				CODE_SIGN_STYLE = Automatic;
				CURRENT_PROJECT_VERSION = 1;
				DEVELOPMENT_TEAM = 48Z2DS9MBQ;
				GENERATE_INFOPLIST_FILE = YES;
				IPHONEOS_DEPLOYMENT_TARGET = 15.4;
				MARKETING_VERSION = 1.0;
				PRODUCT_BUNDLE_IDENTIFIER = com.willy.DrugReminderTests;
				PRODUCT_NAME = "$(TARGET_NAME)";
				SWIFT_EMIT_LOC_STRINGS = NO;
				SWIFT_VERSION = 5.0;
				TARGETED_DEVICE_FAMILY = "1,2";
				TEST_HOST = "$(BUILT_PRODUCTS_DIR)/DrugReminder.app/DrugReminder";
			};
			name = Release;
		};
		3F28F56727FC506A00844EAC /* Debug */ = {
			isa = XCBuildConfiguration;
			baseConfigurationReference = A6B1AFF2F7ACA06A95610447 /* Pods-DrugReminder-DrugReminderUITests.debug.xcconfig */;
			buildSettings = {
				ALWAYS_EMBED_SWIFT_STANDARD_LIBRARIES = YES;
				CODE_SIGN_STYLE = Automatic;
				CURRENT_PROJECT_VERSION = 1;
				DEVELOPMENT_TEAM = 48Z2DS9MBQ;
				GENERATE_INFOPLIST_FILE = YES;
				MARKETING_VERSION = 1.0;
				PRODUCT_BUNDLE_IDENTIFIER = com.willy.DrugReminderUITests;
				PRODUCT_NAME = "$(TARGET_NAME)";
				SWIFT_EMIT_LOC_STRINGS = NO;
				SWIFT_VERSION = 5.0;
				TARGETED_DEVICE_FAMILY = "1,2";
				TEST_TARGET_NAME = DrugReminder;
			};
			name = Debug;
		};
		3F28F56827FC506A00844EAC /* Release */ = {
			isa = XCBuildConfiguration;
			baseConfigurationReference = F0AE6F69C1FF52328CE4541C /* Pods-DrugReminder-DrugReminderUITests.release.xcconfig */;
			buildSettings = {
				ALWAYS_EMBED_SWIFT_STANDARD_LIBRARIES = YES;
				CODE_SIGN_STYLE = Automatic;
				CURRENT_PROJECT_VERSION = 1;
				DEVELOPMENT_TEAM = 48Z2DS9MBQ;
				GENERATE_INFOPLIST_FILE = YES;
				MARKETING_VERSION = 1.0;
				PRODUCT_BUNDLE_IDENTIFIER = com.willy.DrugReminderUITests;
				PRODUCT_NAME = "$(TARGET_NAME)";
				SWIFT_EMIT_LOC_STRINGS = NO;
				SWIFT_VERSION = 5.0;
				TARGETED_DEVICE_FAMILY = "1,2";
				TEST_TARGET_NAME = DrugReminder;
			};
			name = Release;
		};
/* End XCBuildConfiguration section */

/* Begin XCConfigurationList section */
		3F28F53127FC506900844EAC /* Build configuration list for PBXProject "DrugReminder" */ = {
			isa = XCConfigurationList;
			buildConfigurations = (
				3F28F55E27FC506A00844EAC /* Debug */,
				3F28F55F27FC506A00844EAC /* Release */,
			);
			defaultConfigurationIsVisible = 0;
			defaultConfigurationName = Release;
		};
		3F28F56027FC506A00844EAC /* Build configuration list for PBXNativeTarget "DrugReminder" */ = {
			isa = XCConfigurationList;
			buildConfigurations = (
				3F28F56127FC506A00844EAC /* Debug */,
				3F28F56227FC506A00844EAC /* Release */,
			);
			defaultConfigurationIsVisible = 0;
			defaultConfigurationName = Release;
		};
		3F28F56327FC506A00844EAC /* Build configuration list for PBXNativeTarget "DrugReminderTests" */ = {
			isa = XCConfigurationList;
			buildConfigurations = (
				3F28F56427FC506A00844EAC /* Debug */,
				3F28F56527FC506A00844EAC /* Release */,
			);
			defaultConfigurationIsVisible = 0;
			defaultConfigurationName = Release;
		};
		3F28F56627FC506A00844EAC /* Build configuration list for PBXNativeTarget "DrugReminderUITests" */ = {
			isa = XCConfigurationList;
			buildConfigurations = (
				3F28F56727FC506A00844EAC /* Debug */,
				3F28F56827FC506A00844EAC /* Release */,
			);
			defaultConfigurationIsVisible = 0;
			defaultConfigurationName = Release;
		};
/* End XCConfigurationList section */
	};
	rootObject = 3F28F52E27FC506900844EAC /* Project object */;
}
